// !$*UTF8*$!
{
	archiveVersion = 1;
	classes = {
	};
	objectVersion = 56;
	objects = {

/* Begin PBXBuildFile section */
		08175BA029C81CCC006D0214 /* NetworkService.swift in Sources */ = {isa = PBXBuildFile; fileRef = 08175B9F29C81CCC006D0214 /* NetworkService.swift */; };
		08175BA229C81CED006D0214 /* ProductApi.swift in Sources */ = {isa = PBXBuildFile; fileRef = 08175BA129C81CED006D0214 /* ProductApi.swift */; };
		08175BA429C81F6C006D0214 /* Endpoint.swift in Sources */ = {isa = PBXBuildFile; fileRef = 08175BA329C81F6C006D0214 /* Endpoint.swift */; };
		08175BA629C81F96006D0214 /* ApiError.swift in Sources */ = {isa = PBXBuildFile; fileRef = 08175BA529C81F96006D0214 /* ApiError.swift */; };
		08175BA829C81FBB006D0214 /* DataFetcherService.swift in Sources */ = {isa = PBXBuildFile; fileRef = 08175BA729C81FBB006D0214 /* DataFetcherService.swift */; };
		08175BAB29C84D5E006D0214 /* ImageConstants.swift in Sources */ = {isa = PBXBuildFile; fileRef = 08175BAA29C84D5E006D0214 /* ImageConstants.swift */; };
		08175BAE29C860E2006D0214 /* ImagePicker.swift in Sources */ = {isa = PBXBuildFile; fileRef = 08175BAD29C860E2006D0214 /* ImagePicker.swift */; };
		08175BB029C86B3D006D0214 /* ImagePickerCoordinator.swift in Sources */ = {isa = PBXBuildFile; fileRef = 08175BAF29C86B3D006D0214 /* ImagePickerCoordinator.swift */; };
		08175BB629C8A1CD006D0214 /* MainFlowCoordinator.swift in Sources */ = {isa = PBXBuildFile; fileRef = 08175BB529C8A1CD006D0214 /* MainFlowCoordinator.swift */; };
		08175BB929C8A2B6006D0214 /* MainPageCoordinator.swift in Sources */ = {isa = PBXBuildFile; fileRef = 08175BB829C8A2B6006D0214 /* MainPageCoordinator.swift */; };
		08175BBC29C8A303006D0214 /* DetailPageCoordinator.swift in Sources */ = {isa = PBXBuildFile; fileRef = 08175BBB29C8A303006D0214 /* DetailPageCoordinator.swift */; };
		08175BBE29C8B4F6006D0214 /* MainPageCoordinatorView.swift in Sources */ = {isa = PBXBuildFile; fileRef = 08175BBD29C8B4F6006D0214 /* MainPageCoordinatorView.swift */; };
		08175BC029C8B67C006D0214 /* View+Navigation.swift in Sources */ = {isa = PBXBuildFile; fileRef = 08175BBF29C8B67C006D0214 /* View+Navigation.swift */; };
		08175BC229C8B786006D0214 /* DetailPageCoordinatorView.swift in Sources */ = {isa = PBXBuildFile; fileRef = 08175BC129C8B786006D0214 /* DetailPageCoordinatorView.swift */; };
		08175BC529C8BD3C006D0214 /* ProfileCoordinator.swift in Sources */ = {isa = PBXBuildFile; fileRef = 08175BC429C8BD3C006D0214 /* ProfileCoordinator.swift */; };
		08175BC729C8BDC6006D0214 /* ProfileCoordinatorView.swift in Sources */ = {isa = PBXBuildFile; fileRef = 08175BC629C8BDC6006D0214 /* ProfileCoordinatorView.swift */; };
		08175BCA29C8C107006D0214 /* CollectionItem.swift in Sources */ = {isa = PBXBuildFile; fileRef = 08175BC929C8C107006D0214 /* CollectionItem.swift */; };
		081946A829C978D2000B481C /* SignUpCoordinator.swift in Sources */ = {isa = PBXBuildFile; fileRef = 081946A729C978D2000B481C /* SignUpCoordinator.swift */; };
		081946AA29C978E1000B481C /* SignUpCoordinatorView.swift in Sources */ = {isa = PBXBuildFile; fileRef = 081946A929C978E1000B481C /* SignUpCoordinatorView.swift */; };
		081946AC29C978F1000B481C /* LogInCoordinator.swift in Sources */ = {isa = PBXBuildFile; fileRef = 081946AB29C978F1000B481C /* LogInCoordinator.swift */; };
		081946AE29C978FC000B481C /* LogInCoordinatorView.swift in Sources */ = {isa = PBXBuildFile; fileRef = 081946AD29C978FC000B481C /* LogInCoordinatorView.swift */; };
		081946B029C97A5D000B481C /* AuthorizationFlowCoordinator.swift in Sources */ = {isa = PBXBuildFile; fileRef = 081946AF29C97A5D000B481C /* AuthorizationFlowCoordinator.swift */; };
		081946B229C97E54000B481C /* AuthorizationFlowCoordinatorView.swift in Sources */ = {isa = PBXBuildFile; fileRef = 081946B129C97E54000B481C /* AuthorizationFlowCoordinatorView.swift */; };
		081946B429C99136000B481C /* SheetModifier.swift in Sources */ = {isa = PBXBuildFile; fileRef = 081946B329C99136000B481C /* SheetModifier.swift */; };
		081946B629C99708000B481C /* UIImage+Identifiable.swift in Sources */ = {isa = PBXBuildFile; fileRef = 081946B529C99708000B481C /* UIImage+Identifiable.swift */; };
		081946B829C9A3CB000B481C /* Products.swift in Sources */ = {isa = PBXBuildFile; fileRef = 081946B729C9A3CB000B481C /* Products.swift */; };
		081946BA29C9A523000B481C /* ProductDetail.swift in Sources */ = {isa = PBXBuildFile; fileRef = 081946B929C9A523000B481C /* ProductDetail.swift */; };
		081946BC29C9B1BC000B481C /* BrandsModel.swift in Sources */ = {isa = PBXBuildFile; fileRef = 081946BB29C9B1BC000B481C /* BrandsModel.swift */; };
		0839FB6E29BEDD7700421523 /* User.swift in Sources */ = {isa = PBXBuildFile; fileRef = 0839FB6D29BEDD7700421523 /* User.swift */; };
		0839FB7B29BEF14900421523 /* SignUpViewModel.swift in Sources */ = {isa = PBXBuildFile; fileRef = 0839FB7A29BEF14900421523 /* SignUpViewModel.swift */; };
		0839FB7D29BEF16300421523 /* LogInViewModel.swift in Sources */ = {isa = PBXBuildFile; fileRef = 0839FB7C29BEF16300421523 /* LogInViewModel.swift */; };
		0839FB8429BF3FC100421523 /* MainPageView.swift in Sources */ = {isa = PBXBuildFile; fileRef = 0839FB8329BF3FC100421523 /* MainPageView.swift */; };
		0839FB8629BF498700421523 /* RoundView.swift in Sources */ = {isa = PBXBuildFile; fileRef = 0839FB8529BF498700421523 /* RoundView.swift */; };
		0839FB8829BF56DD00421523 /* LatestItemModel.swift in Sources */ = {isa = PBXBuildFile; fileRef = 0839FB8729BF56DD00421523 /* LatestItemModel.swift */; };
		0839FB8A29BF572600421523 /* FlashSaleModel.swift in Sources */ = {isa = PBXBuildFile; fileRef = 0839FB8929BF572600421523 /* FlashSaleModel.swift */; };
		0839FB9529BF71C700421523 /* MainPageViewModel.swift in Sources */ = {isa = PBXBuildFile; fileRef = 0839FB9429BF71C700421523 /* MainPageViewModel.swift */; };
		0839FB9929C0558000421523 /* SearchBar.swift in Sources */ = {isa = PBXBuildFile; fileRef = 0839FB9829C0558000421523 /* SearchBar.swift */; };
		0853819829BC450D00FF816B /* SessionManager.swift in Sources */ = {isa = PBXBuildFile; fileRef = 0853819729BC450D00FF816B /* SessionManager.swift */; };
		0853819C29BC489700FF816B /* MainAppView.swift in Sources */ = {isa = PBXBuildFile; fileRef = 0853819B29BC489700FF816B /* MainAppView.swift */; };
		0853819E29BC4AF400FF816B /* RegistrationManager.swift in Sources */ = {isa = PBXBuildFile; fileRef = 0853819D29BC4AF400FF816B /* RegistrationManager.swift */; };
		08573DCB29C18C6100230C47 /* MainFlowCoordinatorView.swift in Sources */ = {isa = PBXBuildFile; fileRef = 08573DCA29C18C6100230C47 /* MainFlowCoordinatorView.swift */; };
		08573DCD29C1915100230C47 /* CustomTabBarView.swift in Sources */ = {isa = PBXBuildFile; fileRef = 08573DCC29C1915000230C47 /* CustomTabBarView.swift */; };
		08573DCF29C1AB7600230C47 /* CustomTabBarContainerView.swift in Sources */ = {isa = PBXBuildFile; fileRef = 08573DCE29C1AB7600230C47 /* CustomTabBarContainerView.swift */; };
		08573DD129C1B3AE00230C47 /* TabBarItemsPreferenceKey.swift in Sources */ = {isa = PBXBuildFile; fileRef = 08573DD029C1B3AE00230C47 /* TabBarItemsPreferenceKey.swift */; };
		08573DD329C1C13600230C47 /* TabBarItem.swift in Sources */ = {isa = PBXBuildFile; fileRef = 08573DD229C1C13600230C47 /* TabBarItem.swift */; };
		087DD26229C6D4E6004087F7 /* ListModifier.swift in Sources */ = {isa = PBXBuildFile; fileRef = 087DD26129C6D4E6004087F7 /* ListModifier.swift */; };
		087DD26429C6DA46004087F7 /* StepperButtonModifier.swift in Sources */ = {isa = PBXBuildFile; fileRef = 087DD26329C6DA46004087F7 /* StepperButtonModifier.swift */; };
		087DD26D29C6DD24004087F7 /* ProfileViewModel.swift in Sources */ = {isa = PBXBuildFile; fileRef = 087DD26C29C6DD24004087F7 /* ProfileViewModel.swift */; };
		087DD26F29C6DFC9004087F7 /* TextFieldModifier.swift in Sources */ = {isa = PBXBuildFile; fileRef = 087DD26E29C6DFC9004087F7 /* TextFieldModifier.swift */; };
		087DD27829C76AC6004087F7 /* PasswordTextFieldView.swift in Sources */ = {isa = PBXBuildFile; fileRef = 087DD27729C76AC6004087F7 /* PasswordTextFieldView.swift */; };
		08848FAC29C2D9A9006FF40C /* DetailPageViewModel.swift in Sources */ = {isa = PBXBuildFile; fileRef = 08848FAB29C2D9A9006FF40C /* DetailPageViewModel.swift */; };
		08848FAE29C2DB03006FF40C /* ItemDetailModel.swift in Sources */ = {isa = PBXBuildFile; fileRef = 08848FAD29C2DB03006FF40C /* ItemDetailModel.swift */; };
		08848FB029C34C30006FF40C /* DetailFooterView.swift in Sources */ = {isa = PBXBuildFile; fileRef = 08848FAF29C34C30006FF40C /* DetailFooterView.swift */; };
		08848FB229C36CDB006FF40C /* CustomStepper.swift in Sources */ = {isa = PBXBuildFile; fileRef = 08848FB129C36CDB006FF40C /* CustomStepper.swift */; };
		08BE799229BC916D00A81FC8 /* UserModel.xcdatamodeld in Sources */ = {isa = PBXBuildFile; fileRef = 08BE799029BC916D00A81FC8 /* UserModel.xcdatamodeld */; };
		08D5621E29C428D300F967F0 /* CartManager.swift in Sources */ = {isa = PBXBuildFile; fileRef = 08D5621D29C428D300F967F0 /* CartManager.swift */; };
		08D5622029C4647500F967F0 /* HexConverter.swift in Sources */ = {isa = PBXBuildFile; fileRef = 08D5621F29C4647500F967F0 /* HexConverter.swift */; };
		08D5622229C4B94100F967F0 /* Font.swift in Sources */ = {isa = PBXBuildFile; fileRef = 08D5622129C4B94100F967F0 /* Font.swift */; };
		08D5622629C4CB5100F967F0 /* DetailPageView.swift in Sources */ = {isa = PBXBuildFile; fileRef = 08D5622529C4CB5100F967F0 /* DetailPageView.swift */; };
		08ED26E229BB08E900EF047D /* OnlineShoppeeApp.swift in Sources */ = {isa = PBXBuildFile; fileRef = 08ED26E129BB08E900EF047D /* OnlineShoppeeApp.swift */; };
		08ED26E429BB08E900EF047D /* ProfileMainView.swift in Sources */ = {isa = PBXBuildFile; fileRef = 08ED26E329BB08E900EF047D /* ProfileMainView.swift */; };
		08ED26E629BB08EB00EF047D /* Assets.xcassets in Resources */ = {isa = PBXBuildFile; fileRef = 08ED26E529BB08EB00EF047D /* Assets.xcassets */; };
		08ED26E929BB08EB00EF047D /* Preview Assets.xcassets in Resources */ = {isa = PBXBuildFile; fileRef = 08ED26E829BB08EB00EF047D /* Preview Assets.xcassets */; };
		08ED26F029BB252B00EF047D /* Colors.swift in Sources */ = {isa = PBXBuildFile; fileRef = 08ED26EF29BB252B00EF047D /* Colors.swift */; };
		08ED276829BB409300EF047D /* Montserrat-VariableFont_wght.ttf in Resources */ = {isa = PBXBuildFile; fileRef = 08ED275129BB409300EF047D /* Montserrat-VariableFont_wght.ttf */; };
		08ED278029BB677A00EF047D /* LoginView.swift in Sources */ = {isa = PBXBuildFile; fileRef = 08ED277F29BB677A00EF047D /* LoginView.swift */; };
		08ED278429BB6D3100EF047D /* ButtonModifier.swift in Sources */ = {isa = PBXBuildFile; fileRef = 08ED278329BB6D3100EF047D /* ButtonModifier.swift */; };
		08ED278A29BB6F6100EF047D /* SignUpView.swift in Sources */ = {isa = PBXBuildFile; fileRef = 08ED278929BB6F6100EF047D /* SignUpView.swift */; };
		08FE4D4929BD9FEF00F2907A /* UserEntity+CoreDataClass.swift in Sources */ = {isa = PBXBuildFile; fileRef = 08FE4D4729BD9FEF00F2907A /* UserEntity+CoreDataClass.swift */; };
		08FE4D4A29BD9FEF00F2907A /* UserEntity+CoreDataProperties.swift in Sources */ = {isa = PBXBuildFile; fileRef = 08FE4D4829BD9FEF00F2907A /* UserEntity+CoreDataProperties.swift */; };
		08FE4D4C29BDA41D00F2907A /* UserStorage.swift in Sources */ = {isa = PBXBuildFile; fileRef = 08FE4D4B29BDA41D00F2907A /* UserStorage.swift */; };
/* End PBXBuildFile section */

/* Begin PBXFileReference section */
		08175B9F29C81CCC006D0214 /* NetworkService.swift */ = {isa = PBXFileReference; lastKnownFileType = sourcecode.swift; path = NetworkService.swift; sourceTree = "<group>"; };
		08175BA129C81CED006D0214 /* ProductApi.swift */ = {isa = PBXFileReference; lastKnownFileType = sourcecode.swift; path = ProductApi.swift; sourceTree = "<group>"; };
		08175BA329C81F6C006D0214 /* Endpoint.swift */ = {isa = PBXFileReference; lastKnownFileType = sourcecode.swift; path = Endpoint.swift; sourceTree = "<group>"; };
		08175BA529C81F96006D0214 /* ApiError.swift */ = {isa = PBXFileReference; lastKnownFileType = sourcecode.swift; path = ApiError.swift; sourceTree = "<group>"; };
		08175BA729C81FBB006D0214 /* DataFetcherService.swift */ = {isa = PBXFileReference; lastKnownFileType = sourcecode.swift; path = DataFetcherService.swift; sourceTree = "<group>"; };
		08175BAA29C84D5E006D0214 /* ImageConstants.swift */ = {isa = PBXFileReference; lastKnownFileType = sourcecode.swift; path = ImageConstants.swift; sourceTree = "<group>"; };
		08175BAD29C860E2006D0214 /* ImagePicker.swift */ = {isa = PBXFileReference; lastKnownFileType = sourcecode.swift; path = ImagePicker.swift; sourceTree = "<group>"; };
		08175BAF29C86B3D006D0214 /* ImagePickerCoordinator.swift */ = {isa = PBXFileReference; lastKnownFileType = sourcecode.swift; path = ImagePickerCoordinator.swift; sourceTree = "<group>"; };
		08175BB529C8A1CD006D0214 /* MainFlowCoordinator.swift */ = {isa = PBXFileReference; lastKnownFileType = sourcecode.swift; path = MainFlowCoordinator.swift; sourceTree = "<group>"; };
		08175BB829C8A2B6006D0214 /* MainPageCoordinator.swift */ = {isa = PBXFileReference; lastKnownFileType = sourcecode.swift; path = MainPageCoordinator.swift; sourceTree = "<group>"; };
		08175BBB29C8A303006D0214 /* DetailPageCoordinator.swift */ = {isa = PBXFileReference; lastKnownFileType = sourcecode.swift; path = DetailPageCoordinator.swift; sourceTree = "<group>"; };
		08175BBD29C8B4F6006D0214 /* MainPageCoordinatorView.swift */ = {isa = PBXFileReference; lastKnownFileType = sourcecode.swift; path = MainPageCoordinatorView.swift; sourceTree = "<group>"; };
		08175BBF29C8B67C006D0214 /* View+Navigation.swift */ = {isa = PBXFileReference; lastKnownFileType = sourcecode.swift; path = "View+Navigation.swift"; sourceTree = "<group>"; };
		08175BC129C8B786006D0214 /* DetailPageCoordinatorView.swift */ = {isa = PBXFileReference; lastKnownFileType = sourcecode.swift; path = DetailPageCoordinatorView.swift; sourceTree = "<group>"; };
		08175BC429C8BD3C006D0214 /* ProfileCoordinator.swift */ = {isa = PBXFileReference; lastKnownFileType = sourcecode.swift; path = ProfileCoordinator.swift; sourceTree = "<group>"; };
		08175BC629C8BDC6006D0214 /* ProfileCoordinatorView.swift */ = {isa = PBXFileReference; lastKnownFileType = sourcecode.swift; path = ProfileCoordinatorView.swift; sourceTree = "<group>"; };
		08175BC929C8C107006D0214 /* CollectionItem.swift */ = {isa = PBXFileReference; lastKnownFileType = sourcecode.swift; path = CollectionItem.swift; sourceTree = "<group>"; };
		081946A729C978D2000B481C /* SignUpCoordinator.swift */ = {isa = PBXFileReference; lastKnownFileType = sourcecode.swift; path = SignUpCoordinator.swift; sourceTree = "<group>"; };
		081946A929C978E1000B481C /* SignUpCoordinatorView.swift */ = {isa = PBXFileReference; lastKnownFileType = sourcecode.swift; path = SignUpCoordinatorView.swift; sourceTree = "<group>"; };
		081946AB29C978F1000B481C /* LogInCoordinator.swift */ = {isa = PBXFileReference; lastKnownFileType = sourcecode.swift; path = LogInCoordinator.swift; sourceTree = "<group>"; };
		081946AD29C978FC000B481C /* LogInCoordinatorView.swift */ = {isa = PBXFileReference; lastKnownFileType = sourcecode.swift; path = LogInCoordinatorView.swift; sourceTree = "<group>"; };
		081946AF29C97A5D000B481C /* AuthorizationFlowCoordinator.swift */ = {isa = PBXFileReference; lastKnownFileType = sourcecode.swift; path = AuthorizationFlowCoordinator.swift; sourceTree = "<group>"; };
		081946B129C97E54000B481C /* AuthorizationFlowCoordinatorView.swift */ = {isa = PBXFileReference; lastKnownFileType = sourcecode.swift; path = AuthorizationFlowCoordinatorView.swift; sourceTree = "<group>"; };
		081946B329C99136000B481C /* SheetModifier.swift */ = {isa = PBXFileReference; lastKnownFileType = sourcecode.swift; path = SheetModifier.swift; sourceTree = "<group>"; };
		081946B529C99708000B481C /* UIImage+Identifiable.swift */ = {isa = PBXFileReference; lastKnownFileType = sourcecode.swift; path = "UIImage+Identifiable.swift"; sourceTree = "<group>"; };
		081946B729C9A3CB000B481C /* Products.swift */ = {isa = PBXFileReference; lastKnownFileType = sourcecode.swift; path = Products.swift; sourceTree = "<group>"; };
		081946B929C9A523000B481C /* ProductDetail.swift */ = {isa = PBXFileReference; lastKnownFileType = sourcecode.swift; path = ProductDetail.swift; sourceTree = "<group>"; };
		081946BB29C9B1BC000B481C /* BrandsModel.swift */ = {isa = PBXFileReference; lastKnownFileType = sourcecode.swift; path = BrandsModel.swift; sourceTree = "<group>"; };
		0839FB6D29BEDD7700421523 /* User.swift */ = {isa = PBXFileReference; lastKnownFileType = sourcecode.swift; path = User.swift; sourceTree = "<group>"; };
		0839FB7A29BEF14900421523 /* SignUpViewModel.swift */ = {isa = PBXFileReference; lastKnownFileType = sourcecode.swift; path = SignUpViewModel.swift; sourceTree = "<group>"; };
		0839FB7C29BEF16300421523 /* LogInViewModel.swift */ = {isa = PBXFileReference; lastKnownFileType = sourcecode.swift; path = LogInViewModel.swift; sourceTree = "<group>"; };
		0839FB8329BF3FC100421523 /* MainPageView.swift */ = {isa = PBXFileReference; lastKnownFileType = sourcecode.swift; path = MainPageView.swift; sourceTree = "<group>"; };
		0839FB8529BF498700421523 /* RoundView.swift */ = {isa = PBXFileReference; lastKnownFileType = sourcecode.swift; path = RoundView.swift; sourceTree = "<group>"; };
		0839FB8729BF56DD00421523 /* LatestItemModel.swift */ = {isa = PBXFileReference; lastKnownFileType = sourcecode.swift; path = LatestItemModel.swift; sourceTree = "<group>"; };
		0839FB8929BF572600421523 /* FlashSaleModel.swift */ = {isa = PBXFileReference; lastKnownFileType = sourcecode.swift; path = FlashSaleModel.swift; sourceTree = "<group>"; };
		0839FB9429BF71C700421523 /* MainPageViewModel.swift */ = {isa = PBXFileReference; lastKnownFileType = sourcecode.swift; path = MainPageViewModel.swift; sourceTree = "<group>"; };
		0839FB9829C0558000421523 /* SearchBar.swift */ = {isa = PBXFileReference; lastKnownFileType = sourcecode.swift; path = SearchBar.swift; sourceTree = "<group>"; };
		0853819729BC450D00FF816B /* SessionManager.swift */ = {isa = PBXFileReference; lastKnownFileType = sourcecode.swift; path = SessionManager.swift; sourceTree = "<group>"; };
		0853819B29BC489700FF816B /* MainAppView.swift */ = {isa = PBXFileReference; lastKnownFileType = sourcecode.swift; path = MainAppView.swift; sourceTree = "<group>"; };
		0853819D29BC4AF400FF816B /* RegistrationManager.swift */ = {isa = PBXFileReference; lastKnownFileType = sourcecode.swift; path = RegistrationManager.swift; sourceTree = "<group>"; };
		08573DCA29C18C6100230C47 /* MainFlowCoordinatorView.swift */ = {isa = PBXFileReference; lastKnownFileType = sourcecode.swift; path = MainFlowCoordinatorView.swift; sourceTree = "<group>"; };
		08573DCC29C1915000230C47 /* CustomTabBarView.swift */ = {isa = PBXFileReference; lastKnownFileType = sourcecode.swift; path = CustomTabBarView.swift; sourceTree = "<group>"; };
		08573DCE29C1AB7600230C47 /* CustomTabBarContainerView.swift */ = {isa = PBXFileReference; lastKnownFileType = sourcecode.swift; path = CustomTabBarContainerView.swift; sourceTree = "<group>"; };
		08573DD029C1B3AE00230C47 /* TabBarItemsPreferenceKey.swift */ = {isa = PBXFileReference; lastKnownFileType = sourcecode.swift; path = TabBarItemsPreferenceKey.swift; sourceTree = "<group>"; };
		08573DD229C1C13600230C47 /* TabBarItem.swift */ = {isa = PBXFileReference; lastKnownFileType = sourcecode.swift; path = TabBarItem.swift; sourceTree = "<group>"; };
		087DD26129C6D4E6004087F7 /* ListModifier.swift */ = {isa = PBXFileReference; lastKnownFileType = sourcecode.swift; path = ListModifier.swift; sourceTree = "<group>"; };
		087DD26329C6DA46004087F7 /* StepperButtonModifier.swift */ = {isa = PBXFileReference; lastKnownFileType = sourcecode.swift; path = StepperButtonModifier.swift; sourceTree = "<group>"; };
		087DD26C29C6DD24004087F7 /* ProfileViewModel.swift */ = {isa = PBXFileReference; lastKnownFileType = sourcecode.swift; path = ProfileViewModel.swift; sourceTree = "<group>"; };
		087DD26E29C6DFC9004087F7 /* TextFieldModifier.swift */ = {isa = PBXFileReference; lastKnownFileType = sourcecode.swift; path = TextFieldModifier.swift; sourceTree = "<group>"; };
		087DD27729C76AC6004087F7 /* PasswordTextFieldView.swift */ = {isa = PBXFileReference; lastKnownFileType = sourcecode.swift; path = PasswordTextFieldView.swift; sourceTree = "<group>"; };
		08848FAB29C2D9A9006FF40C /* DetailPageViewModel.swift */ = {isa = PBXFileReference; lastKnownFileType = sourcecode.swift; path = DetailPageViewModel.swift; sourceTree = "<group>"; };
		08848FAD29C2DB03006FF40C /* ItemDetailModel.swift */ = {isa = PBXFileReference; lastKnownFileType = sourcecode.swift; path = ItemDetailModel.swift; sourceTree = "<group>"; };
		08848FAF29C34C30006FF40C /* DetailFooterView.swift */ = {isa = PBXFileReference; lastKnownFileType = sourcecode.swift; path = DetailFooterView.swift; sourceTree = "<group>"; };
		08848FB129C36CDB006FF40C /* CustomStepper.swift */ = {isa = PBXFileReference; lastKnownFileType = sourcecode.swift; path = CustomStepper.swift; sourceTree = "<group>"; };
		08BE799129BC916D00A81FC8 /* UserModel.xcdatamodel */ = {isa = PBXFileReference; lastKnownFileType = wrapper.xcdatamodel; path = UserModel.xcdatamodel; sourceTree = "<group>"; };
		08D5621D29C428D300F967F0 /* CartManager.swift */ = {isa = PBXFileReference; lastKnownFileType = sourcecode.swift; path = CartManager.swift; sourceTree = "<group>"; };
		08D5621F29C4647500F967F0 /* HexConverter.swift */ = {isa = PBXFileReference; lastKnownFileType = sourcecode.swift; path = HexConverter.swift; sourceTree = "<group>"; };
		08D5622129C4B94100F967F0 /* Font.swift */ = {isa = PBXFileReference; lastKnownFileType = sourcecode.swift; path = Font.swift; sourceTree = "<group>"; };
		08D5622529C4CB5100F967F0 /* DetailPageView.swift */ = {isa = PBXFileReference; lastKnownFileType = sourcecode.swift; path = DetailPageView.swift; sourceTree = "<group>"; };
		08ED26DE29BB08E900EF047D /* OnlineShoppee.app */ = {isa = PBXFileReference; explicitFileType = wrapper.application; includeInIndex = 0; path = OnlineShoppee.app; sourceTree = BUILT_PRODUCTS_DIR; };
		08ED26E129BB08E900EF047D /* OnlineShoppeeApp.swift */ = {isa = PBXFileReference; lastKnownFileType = sourcecode.swift; path = OnlineShoppeeApp.swift; sourceTree = "<group>"; };
		08ED26E329BB08E900EF047D /* ProfileMainView.swift */ = {isa = PBXFileReference; lastKnownFileType = sourcecode.swift; path = ProfileMainView.swift; sourceTree = "<group>"; };
		08ED26E529BB08EB00EF047D /* Assets.xcassets */ = {isa = PBXFileReference; lastKnownFileType = folder.assetcatalog; path = Assets.xcassets; sourceTree = "<group>"; };
		08ED26E829BB08EB00EF047D /* Preview Assets.xcassets */ = {isa = PBXFileReference; lastKnownFileType = folder.assetcatalog; path = "Preview Assets.xcassets"; sourceTree = "<group>"; };
		08ED26EF29BB252B00EF047D /* Colors.swift */ = {isa = PBXFileReference; lastKnownFileType = sourcecode.swift; path = Colors.swift; sourceTree = "<group>"; };
		08ED275129BB409300EF047D /* Montserrat-VariableFont_wght.ttf */ = {isa = PBXFileReference; lastKnownFileType = file; path = "Montserrat-VariableFont_wght.ttf"; sourceTree = "<group>"; };
		08ED277E29BB419E00EF047D /* Info.plist */ = {isa = PBXFileReference; lastKnownFileType = text.plist.xml; path = Info.plist; sourceTree = "<group>"; };
		08ED277F29BB677A00EF047D /* LoginView.swift */ = {isa = PBXFileReference; lastKnownFileType = sourcecode.swift; path = LoginView.swift; sourceTree = "<group>"; };
		08ED278329BB6D3100EF047D /* ButtonModifier.swift */ = {isa = PBXFileReference; lastKnownFileType = sourcecode.swift; path = ButtonModifier.swift; sourceTree = "<group>"; };
		08ED278929BB6F6100EF047D /* SignUpView.swift */ = {isa = PBXFileReference; lastKnownFileType = sourcecode.swift; path = SignUpView.swift; sourceTree = "<group>"; };
		08FE4D4729BD9FEF00F2907A /* UserEntity+CoreDataClass.swift */ = {isa = PBXFileReference; lastKnownFileType = sourcecode.swift; path = "UserEntity+CoreDataClass.swift"; sourceTree = "<group>"; };
		08FE4D4829BD9FEF00F2907A /* UserEntity+CoreDataProperties.swift */ = {isa = PBXFileReference; lastKnownFileType = sourcecode.swift; path = "UserEntity+CoreDataProperties.swift"; sourceTree = "<group>"; };
		08FE4D4B29BDA41D00F2907A /* UserStorage.swift */ = {isa = PBXFileReference; lastKnownFileType = sourcecode.swift; path = UserStorage.swift; sourceTree = "<group>"; };
/* End PBXFileReference section */

/* Begin PBXFrameworksBuildPhase section */
		08ED26DB29BB08E900EF047D /* Frameworks */ = {
			isa = PBXFrameworksBuildPhase;
			buildActionMask = 2147483647;
			files = (
			);
			runOnlyForDeploymentPostprocessing = 0;
		};
/* End PBXFrameworksBuildPhase section */

/* Begin PBXGroup section */
		08175BA929C84D3C006D0214 /* Helpers */ = {
			isa = PBXGroup;
			children = (
				08ED26EF29BB252B00EF047D /* Colors.swift */,
				08175BAA29C84D5E006D0214 /* ImageConstants.swift */,
				081946B329C99136000B481C /* SheetModifier.swift */,
			);
			path = Helpers;
			sourceTree = "<group>";
		};
		08175BAC29C85FC8006D0214 /* UIKitComponents */ = {
			isa = PBXGroup;
			children = (
				08175BAD29C860E2006D0214 /* ImagePicker.swift */,
				08175BAF29C86B3D006D0214 /* ImagePickerCoordinator.swift */,
			);
			path = UIKitComponents;
			sourceTree = "<group>";
		};
		08175BB329C8A155006D0214 /* Coordinator */ = {
			isa = PBXGroup;
			children = (
				08175BBD29C8B4F6006D0214 /* MainPageCoordinatorView.swift */,
				08175BB829C8A2B6006D0214 /* MainPageCoordinator.swift */,
			);
			path = Coordinator;
			sourceTree = "<group>";
		};
		08175BB429C8A15F006D0214 /* Coordinator */ = {
			isa = PBXGroup;
			children = (
				0853819B29BC489700FF816B /* MainAppView.swift */,
				08573DCA29C18C6100230C47 /* MainFlowCoordinatorView.swift */,
				08175BB529C8A1CD006D0214 /* MainFlowCoordinator.swift */,
				081946AF29C97A5D000B481C /* AuthorizationFlowCoordinator.swift */,
				081946B129C97E54000B481C /* AuthorizationFlowCoordinatorView.swift */,
			);
			path = Coordinator;
			sourceTree = "<group>";
		};
		08175BBA29C8A2F3006D0214 /* Coordinator */ = {
			isa = PBXGroup;
			children = (
				08175BBB29C8A303006D0214 /* DetailPageCoordinator.swift */,
				08175BC129C8B786006D0214 /* DetailPageCoordinatorView.swift */,
			);
			path = Coordinator;
			sourceTree = "<group>";
		};
		08175BC329C8BCDB006D0214 /* Coordinator */ = {
			isa = PBXGroup;
			children = (
				08175BC429C8BD3C006D0214 /* ProfileCoordinator.swift */,
				08175BC629C8BDC6006D0214 /* ProfileCoordinatorView.swift */,
			);
			path = Coordinator;
			sourceTree = "<group>";
		};
		08175BC829C8C0E2006D0214 /* Components */ = {
			isa = PBXGroup;
			children = (
				08175BC929C8C107006D0214 /* CollectionItem.swift */,
			);
			path = Components;
			sourceTree = "<group>";
		};
		08175BCB29C8C2B1006D0214 /* Components */ = {
			isa = PBXGroup;
			children = (
				08848FB129C36CDB006FF40C /* CustomStepper.swift */,
				08848FAF29C34C30006FF40C /* DetailFooterView.swift */,
			);
			path = Components;
			sourceTree = "<group>";
		};
		081946A529C9786C000B481C /* Coordinator */ = {
			isa = PBXGroup;
			children = (
				081946AB29C978F1000B481C /* LogInCoordinator.swift */,
				081946AD29C978FC000B481C /* LogInCoordinatorView.swift */,
			);
			path = Coordinator;
			sourceTree = "<group>";
		};
		081946A629C97879000B481C /* Coordinator */ = {
			isa = PBXGroup;
			children = (
				081946A729C978D2000B481C /* SignUpCoordinator.swift */,
				081946A929C978E1000B481C /* SignUpCoordinatorView.swift */,
			);
			path = Coordinator;
			sourceTree = "<group>";
		};
		081946BD29C9B5D0000B481C /* Recources */ = {
			isa = PBXGroup;
			children = (
				08ED26F329BB400800EF047D /* Fonts */,
				08ED26E529BB08EB00EF047D /* Assets.xcassets */,
			);
			path = Recources;
			sourceTree = "<group>";
		};
		081946BE29C9B5E5000B481C /* Application */ = {
			isa = PBXGroup;
			children = (
				08ED277E29BB419E00EF047D /* Info.plist */,
				08ED26E129BB08E900EF047D /* OnlineShoppeeApp.swift */,
			);
			path = Application;
			sourceTree = "<group>";
		};
		081946BF29C9B614000B481C /* Screens */ = {
			isa = PBXGroup;
			children = (
				08ED278129BB6D1600EF047D /* ReusableViews */,
				08573DC929C18C3A00230C47 /* CustomTabBar */,
				08175BA929C84D3C006D0214 /* Helpers */,
				0853819629BC44FA00FF816B /* Managers */,
				085381A129BC775700FF816B /* Extensions */,
				08175BB429C8A15F006D0214 /* Coordinator */,
				0839FB7E29BF3EEC00421523 /* MainFlow */,
				0839FB6F29BEEFDC00421523 /* AuthorizationFlow */,
			);
			path = Screens;
			sourceTree = "<group>";
		};
		0839FB6F29BEEFDC00421523 /* AuthorizationFlow */ = {
			isa = PBXGroup;
			children = (
				0839FB7629BEF0E900421523 /* LogInModule */,
				0839FB7229BEF0A800421523 /* SignUpModule */,
			);
			path = AuthorizationFlow;
			sourceTree = "<group>";
		};
		0839FB7229BEF0A800421523 /* SignUpModule */ = {
			isa = PBXGroup;
			children = (
				081946A629C97879000B481C /* Coordinator */,
				0839FB7329BEF0CF00421523 /* Model */,
				0839FB7429BEF0D500421523 /* View */,
				0839FB7529BEF0DA00421523 /* ViewModel */,
			);
			path = SignUpModule;
			sourceTree = "<group>";
		};
		0839FB7329BEF0CF00421523 /* Model */ = {
			isa = PBXGroup;
			children = (
				0839FB6D29BEDD7700421523 /* User.swift */,
			);
			path = Model;
			sourceTree = "<group>";
		};
		0839FB7429BEF0D500421523 /* View */ = {
			isa = PBXGroup;
			children = (
				08ED278929BB6F6100EF047D /* SignUpView.swift */,
			);
			path = View;
			sourceTree = "<group>";
		};
		0839FB7529BEF0DA00421523 /* ViewModel */ = {
			isa = PBXGroup;
			children = (
				0839FB7A29BEF14900421523 /* SignUpViewModel.swift */,
			);
			path = ViewModel;
			sourceTree = "<group>";
		};
		0839FB7629BEF0E900421523 /* LogInModule */ = {
			isa = PBXGroup;
			children = (
				081946A529C9786C000B481C /* Coordinator */,
				0839FB7929BEF11200421523 /* Model */,
				0839FB7829BEF10E00421523 /* View */,
				0839FB7729BEF10600421523 /* ViewModel */,
			);
			path = LogInModule;
			sourceTree = "<group>";
		};
		0839FB7729BEF10600421523 /* ViewModel */ = {
			isa = PBXGroup;
			children = (
				0839FB7C29BEF16300421523 /* LogInViewModel.swift */,
			);
			path = ViewModel;
			sourceTree = "<group>";
		};
		0839FB7829BEF10E00421523 /* View */ = {
			isa = PBXGroup;
			children = (
				08ED277F29BB677A00EF047D /* LoginView.swift */,
			);
			path = View;
			sourceTree = "<group>";
		};
		0839FB7929BEF11200421523 /* Model */ = {
			isa = PBXGroup;
			children = (
			);
			path = Model;
			sourceTree = "<group>";
		};
		0839FB7E29BF3EEC00421523 /* MainFlow */ = {
			isa = PBXGroup;
			children = (
				08175BAC29C85FC8006D0214 /* UIKitComponents */,
				087DD26529C6DB4E004087F7 /* ProfileModule */,
				08848FA529C2D843006FF40C /* DetailPageModule */,
				0839FB7F29BF3EFB00421523 /* MainViewModule */,
			);
			path = MainFlow;
			sourceTree = "<group>";
		};
		0839FB7F29BF3EFB00421523 /* MainViewModule */ = {
			isa = PBXGroup;
			children = (
				08175BC829C8C0E2006D0214 /* Components */,
				08175BB329C8A155006D0214 /* Coordinator */,
				0839FB8229BF3F1E00421523 /* Model */,
				0839FB8129BF3F1800421523 /* View */,
				0839FB8029BF3F0C00421523 /* ViewModel */,
			);
			path = MainViewModule;
			sourceTree = "<group>";
		};
		0839FB8029BF3F0C00421523 /* ViewModel */ = {
			isa = PBXGroup;
			children = (
				0839FB9429BF71C700421523 /* MainPageViewModel.swift */,
			);
			path = ViewModel;
			sourceTree = "<group>";
		};
		0839FB8129BF3F1800421523 /* View */ = {
			isa = PBXGroup;
			children = (
				0839FB8329BF3FC100421523 /* MainPageView.swift */,
			);
			path = View;
			sourceTree = "<group>";
		};
		0839FB8229BF3F1E00421523 /* Model */ = {
			isa = PBXGroup;
			children = (
				0839FB8729BF56DD00421523 /* LatestItemModel.swift */,
				0839FB8929BF572600421523 /* FlashSaleModel.swift */,
				081946B729C9A3CB000B481C /* Products.swift */,
				081946BB29C9B1BC000B481C /* BrandsModel.swift */,
			);
			path = Model;
			sourceTree = "<group>";
		};
		0839FB8B29BF5B8300421523 /* NetworkLayer */ = {
			isa = PBXGroup;
			children = (
				08175B9F29C81CCC006D0214 /* NetworkService.swift */,
				08175BA329C81F6C006D0214 /* Endpoint.swift */,
				08175BA529C81F96006D0214 /* ApiError.swift */,
				08175BA729C81FBB006D0214 /* DataFetcherService.swift */,
				08175BA129C81CED006D0214 /* ProductApi.swift */,
			);
			path = NetworkLayer;
			sourceTree = "<group>";
		};
		0853819629BC44FA00FF816B /* Managers */ = {
			isa = PBXGroup;
			children = (
				08BE798F29BC915F00A81FC8 /* CoreData */,
				0839FB8B29BF5B8300421523 /* NetworkLayer */,
				0853819729BC450D00FF816B /* SessionManager.swift */,
				0853819D29BC4AF400FF816B /* RegistrationManager.swift */,
			);
			path = Managers;
			sourceTree = "<group>";
		};
		085381A129BC775700FF816B /* Extensions */ = {
			isa = PBXGroup;
			children = (
				08D5621F29C4647500F967F0 /* HexConverter.swift */,
				08D5622129C4B94100F967F0 /* Font.swift */,
				08175BBF29C8B67C006D0214 /* View+Navigation.swift */,
				081946B529C99708000B481C /* UIImage+Identifiable.swift */,
			);
			path = Extensions;
			sourceTree = "<group>";
		};
		08573DC929C18C3A00230C47 /* CustomTabBar */ = {
			isa = PBXGroup;
			children = (
				08573DCC29C1915000230C47 /* CustomTabBarView.swift */,
				08573DD029C1B3AE00230C47 /* TabBarItemsPreferenceKey.swift */,
				08573DCE29C1AB7600230C47 /* CustomTabBarContainerView.swift */,
				08573DD229C1C13600230C47 /* TabBarItem.swift */,
			);
			path = CustomTabBar;
			sourceTree = "<group>";
		};
		087DD26529C6DB4E004087F7 /* ProfileModule */ = {
			isa = PBXGroup;
			children = (
				08175BC329C8BCDB006D0214 /* Coordinator */,
				087DD26829C6DB6C004087F7 /* Model */,
				087DD26729C6DB65004087F7 /* View */,
				087DD26629C6DB5C004087F7 /* ViewModel */,
			);
			path = ProfileModule;
			sourceTree = "<group>";
		};
		087DD26629C6DB5C004087F7 /* ViewModel */ = {
			isa = PBXGroup;
			children = (
				087DD26C29C6DD24004087F7 /* ProfileViewModel.swift */,
			);
			path = ViewModel;
			sourceTree = "<group>";
		};
		087DD26729C6DB65004087F7 /* View */ = {
			isa = PBXGroup;
			children = (
				08ED26E329BB08E900EF047D /* ProfileMainView.swift */,
			);
			path = View;
			sourceTree = "<group>";
		};
		087DD26829C6DB6C004087F7 /* Model */ = {
			isa = PBXGroup;
			children = (
			);
			path = Model;
			sourceTree = "<group>";
		};
		08848FA529C2D843006FF40C /* DetailPageModule */ = {
			isa = PBXGroup;
			children = (
				08175BCB29C8C2B1006D0214 /* Components */,
				08175BBA29C8A2F3006D0214 /* Coordinator */,
				08848FA829C2D97C006FF40C /* Model */,
				08848FA729C2D975006FF40C /* View */,
				08848FA629C2D96C006FF40C /* ViewModel */,
			);
			path = DetailPageModule;
			sourceTree = "<group>";
		};
		08848FA629C2D96C006FF40C /* ViewModel */ = {
			isa = PBXGroup;
			children = (
				08848FAB29C2D9A9006FF40C /* DetailPageViewModel.swift */,
				08D5621D29C428D300F967F0 /* CartManager.swift */,
			);
			path = ViewModel;
			sourceTree = "<group>";
		};
		08848FA729C2D975006FF40C /* View */ = {
			isa = PBXGroup;
			children = (
				08D5622529C4CB5100F967F0 /* DetailPageView.swift */,
			);
			path = View;
			sourceTree = "<group>";
		};
		08848FA829C2D97C006FF40C /* Model */ = {
			isa = PBXGroup;
			children = (
				08848FAD29C2DB03006FF40C /* ItemDetailModel.swift */,
				081946B929C9A523000B481C /* ProductDetail.swift */,
			);
			path = Model;
			sourceTree = "<group>";
		};
		08BE798F29BC915F00A81FC8 /* CoreData */ = {
			isa = PBXGroup;
			children = (
				08BE799029BC916D00A81FC8 /* UserModel.xcdatamodeld */,
				08FE4D4729BD9FEF00F2907A /* UserEntity+CoreDataClass.swift */,
				08FE4D4B29BDA41D00F2907A /* UserStorage.swift */,
				08FE4D4829BD9FEF00F2907A /* UserEntity+CoreDataProperties.swift */,
			);
			path = CoreData;
			sourceTree = "<group>";
		};
		08ED26D529BB08E900EF047D = {
			isa = PBXGroup;
			children = (
				08ED26E029BB08E900EF047D /* OnlineShoppee */,
				08ED26DF29BB08E900EF047D /* Products */,
			);
			sourceTree = "<group>";
		};
		08ED26DF29BB08E900EF047D /* Products */ = {
			isa = PBXGroup;
			children = (
				08ED26DE29BB08E900EF047D /* OnlineShoppee.app */,
			);
			name = Products;
			sourceTree = "<group>";
		};
		08ED26E029BB08E900EF047D /* OnlineShoppee */ = {
			isa = PBXGroup;
			children = (
				081946BE29C9B5E5000B481C /* Application */,
				081946BF29C9B614000B481C /* Screens */,
				081946BD29C9B5D0000B481C /* Recources */,
				08ED26E729BB08EB00EF047D /* Preview Content */,
			);
			path = OnlineShoppee;
			sourceTree = "<group>";
		};
		08ED26E729BB08EB00EF047D /* Preview Content */ = {
			isa = PBXGroup;
			children = (
				08ED26E829BB08EB00EF047D /* Preview Assets.xcassets */,
			);
			path = "Preview Content";
			sourceTree = "<group>";
		};
		08ED26F329BB400800EF047D /* Fonts */ = {
			isa = PBXGroup;
			children = (
				08ED275029BB409300EF047D /* Montserrat */,
			);
			path = Fonts;
			sourceTree = "<group>";
		};
		08ED275029BB409300EF047D /* Montserrat */ = {
			isa = PBXGroup;
			children = (
				08ED275129BB409300EF047D /* Montserrat-VariableFont_wght.ttf */,
			);
			path = Montserrat;
			sourceTree = "<group>";
		};
		08ED278129BB6D1600EF047D /* ReusableViews */ = {
			isa = PBXGroup;
			children = (
				087DD26329C6DA46004087F7 /* StepperButtonModifier.swift */,
				0839FB8529BF498700421523 /* RoundView.swift */,
				087DD26129C6D4E6004087F7 /* ListModifier.swift */,
				08ED278329BB6D3100EF047D /* ButtonModifier.swift */,
				0839FB9829C0558000421523 /* SearchBar.swift */,
				087DD26E29C6DFC9004087F7 /* TextFieldModifier.swift */,
				087DD27729C76AC6004087F7 /* PasswordTextFieldView.swift */,
			);
			path = ReusableViews;
			sourceTree = "<group>";
		};
/* End PBXGroup section */

/* Begin PBXNativeTarget section */
		08ED26DD29BB08E900EF047D /* OnlineShoppee */ = {
			isa = PBXNativeTarget;
			buildConfigurationList = 08ED26EC29BB08EB00EF047D /* Build configuration list for PBXNativeTarget "OnlineShoppee" */;
			buildPhases = (
				08ED26DA29BB08E900EF047D /* Sources */,
				08ED26DB29BB08E900EF047D /* Frameworks */,
				08ED26DC29BB08E900EF047D /* Resources */,
			);
			buildRules = (
			);
			dependencies = (
			);
			name = OnlineShoppee;
			productName = OnlineShoppee;
			productReference = 08ED26DE29BB08E900EF047D /* OnlineShoppee.app */;
			productType = "com.apple.product-type.application";
		};
/* End PBXNativeTarget section */

/* Begin PBXProject section */
		08ED26D629BB08E900EF047D /* Project object */ = {
			isa = PBXProject;
			attributes = {
				BuildIndependentTargetsInParallel = 1;
				LastSwiftUpdateCheck = 1420;
				LastUpgradeCheck = 1420;
				TargetAttributes = {
					08ED26DD29BB08E900EF047D = {
						CreatedOnToolsVersion = 14.2;
					};
				};
			};
			buildConfigurationList = 08ED26D929BB08E900EF047D /* Build configuration list for PBXProject "OnlineShoppee" */;
			compatibilityVersion = "Xcode 14.0";
			developmentRegion = en;
			hasScannedForEncodings = 0;
			knownRegions = (
				en,
				Base,
			);
			mainGroup = 08ED26D529BB08E900EF047D;
			productRefGroup = 08ED26DF29BB08E900EF047D /* Products */;
			projectDirPath = "";
			projectRoot = "";
			targets = (
				08ED26DD29BB08E900EF047D /* OnlineShoppee */,
			);
		};
/* End PBXProject section */

/* Begin PBXResourcesBuildPhase section */
		08ED26DC29BB08E900EF047D /* Resources */ = {
			isa = PBXResourcesBuildPhase;
			buildActionMask = 2147483647;
			files = (
				08ED26E929BB08EB00EF047D /* Preview Assets.xcassets in Resources */,
				08ED276829BB409300EF047D /* Montserrat-VariableFont_wght.ttf in Resources */,
				08ED26E629BB08EB00EF047D /* Assets.xcassets in Resources */,
			);
			runOnlyForDeploymentPostprocessing = 0;
		};
/* End PBXResourcesBuildPhase section */

/* Begin PBXSourcesBuildPhase section */
		08ED26DA29BB08E900EF047D /* Sources */ = {
			isa = PBXSourcesBuildPhase;
			buildActionMask = 2147483647;
			files = (
				08573DCD29C1915100230C47 /* CustomTabBarView.swift in Sources */,
				08175BC029C8B67C006D0214 /* View+Navigation.swift in Sources */,
				081946AC29C978F1000B481C /* LogInCoordinator.swift in Sources */,
				081946A829C978D2000B481C /* SignUpCoordinator.swift in Sources */,
				08175BAE29C860E2006D0214 /* ImagePicker.swift in Sources */,
				08BE799229BC916D00A81FC8 /* UserModel.xcdatamodeld in Sources */,
				0839FB8429BF3FC100421523 /* MainPageView.swift in Sources */,
				0853819C29BC489700FF816B /* MainAppView.swift in Sources */,
				081946B629C99708000B481C /* UIImage+Identifiable.swift in Sources */,
				0853819E29BC4AF400FF816B /* RegistrationManager.swift in Sources */,
				08175BA629C81F96006D0214 /* ApiError.swift in Sources */,
				08848FAC29C2D9A9006FF40C /* DetailPageViewModel.swift in Sources */,
				08175BB929C8A2B6006D0214 /* MainPageCoordinator.swift in Sources */,
				08175BAB29C84D5E006D0214 /* ImageConstants.swift in Sources */,
				08175BBC29C8A303006D0214 /* DetailPageCoordinator.swift in Sources */,
				087DD26D29C6DD24004087F7 /* ProfileViewModel.swift in Sources */,
				08573DD329C1C13600230C47 /* TabBarItem.swift in Sources */,
				087DD26F29C6DFC9004087F7 /* TextFieldModifier.swift in Sources */,
				08ED278A29BB6F6100EF047D /* SignUpView.swift in Sources */,
				0839FB7B29BEF14900421523 /* SignUpViewModel.swift in Sources */,
				08FE4D4929BD9FEF00F2907A /* UserEntity+CoreDataClass.swift in Sources */,
				081946B229C97E54000B481C /* AuthorizationFlowCoordinatorView.swift in Sources */,
				081946B029C97A5D000B481C /* AuthorizationFlowCoordinator.swift in Sources */,
				081946B429C99136000B481C /* SheetModifier.swift in Sources */,
				08848FAE29C2DB03006FF40C /* ItemDetailModel.swift in Sources */,
				08D5622229C4B94100F967F0 /* Font.swift in Sources */,
				0853819829BC450D00FF816B /* SessionManager.swift in Sources */,
				08175BC229C8B786006D0214 /* DetailPageCoordinatorView.swift in Sources */,
				0839FB8629BF498700421523 /* RoundView.swift in Sources */,
				08175BC729C8BDC6006D0214 /* ProfileCoordinatorView.swift in Sources */,
				08D5621E29C428D300F967F0 /* CartManager.swift in Sources */,
				081946AE29C978FC000B481C /* LogInCoordinatorView.swift in Sources */,
				087DD26229C6D4E6004087F7 /* ListModifier.swift in Sources */,
				08175BA429C81F6C006D0214 /* Endpoint.swift in Sources */,
				087DD27829C76AC6004087F7 /* PasswordTextFieldView.swift in Sources */,
				0839FB8A29BF572600421523 /* FlashSaleModel.swift in Sources */,
				0839FB9529BF71C700421523 /* MainPageViewModel.swift in Sources */,
				08175BA829C81FBB006D0214 /* DataFetcherService.swift in Sources */,
				08573DCB29C18C6100230C47 /* MainFlowCoordinatorView.swift in Sources */,
				0839FB9929C0558000421523 /* SearchBar.swift in Sources */,
				08848FB229C36CDB006FF40C /* CustomStepper.swift in Sources */,
				08175BC529C8BD3C006D0214 /* ProfileCoordinator.swift in Sources */,
				08175BB629C8A1CD006D0214 /* MainFlowCoordinator.swift in Sources */,
				08D5622029C4647500F967F0 /* HexConverter.swift in Sources */,
				08ED26E429BB08E900EF047D /* ProfileMainView.swift in Sources */,
				081946B829C9A3CB000B481C /* Products.swift in Sources */,
				08175BA029C81CCC006D0214 /* NetworkService.swift in Sources */,
				08ED278429BB6D3100EF047D /* ButtonModifier.swift in Sources */,
				08848FB029C34C30006FF40C /* DetailFooterView.swift in Sources */,
				081946AA29C978E1000B481C /* SignUpCoordinatorView.swift in Sources */,
				08573DCF29C1AB7600230C47 /* CustomTabBarContainerView.swift in Sources */,
				08FE4D4A29BD9FEF00F2907A /* UserEntity+CoreDataProperties.swift in Sources */,
				08D5622629C4CB5100F967F0 /* DetailPageView.swift in Sources */,
				08ED26F029BB252B00EF047D /* Colors.swift in Sources */,
				08FE4D4C29BDA41D00F2907A /* UserStorage.swift in Sources */,
				081946BC29C9B1BC000B481C /* BrandsModel.swift in Sources */,
				08ED278029BB677A00EF047D /* LoginView.swift in Sources */,
				08573DD129C1B3AE00230C47 /* TabBarItemsPreferenceKey.swift in Sources */,
				0839FB7D29BEF16300421523 /* LogInViewModel.swift in Sources */,
				08ED26E229BB08E900EF047D /* OnlineShoppeeApp.swift in Sources */,
				0839FB8829BF56DD00421523 /* LatestItemModel.swift in Sources */,
				08175BB029C86B3D006D0214 /* ImagePickerCoordinator.swift in Sources */,
				0839FB6E29BEDD7700421523 /* User.swift in Sources */,
				08175BCA29C8C107006D0214 /* CollectionItem.swift in Sources */,
				08175BBE29C8B4F6006D0214 /* MainPageCoordinatorView.swift in Sources */,
				081946BA29C9A523000B481C /* ProductDetail.swift in Sources */,
				08175BA229C81CED006D0214 /* ProductApi.swift in Sources */,
				087DD26429C6DA46004087F7 /* StepperButtonModifier.swift in Sources */,
			);
			runOnlyForDeploymentPostprocessing = 0;
		};
/* End PBXSourcesBuildPhase section */

/* Begin XCBuildConfiguration section */
		08ED26EA29BB08EB00EF047D /* Debug */ = {
			isa = XCBuildConfiguration;
			buildSettings = {
				ALWAYS_SEARCH_USER_PATHS = NO;
				CLANG_ANALYZER_NONNULL = YES;
				CLANG_ANALYZER_NUMBER_OBJECT_CONVERSION = YES_AGGRESSIVE;
				CLANG_CXX_LANGUAGE_STANDARD = "gnu++20";
				CLANG_ENABLE_MODULES = YES;
				CLANG_ENABLE_OBJC_ARC = YES;
				CLANG_ENABLE_OBJC_WEAK = YES;
				CLANG_WARN_BLOCK_CAPTURE_AUTORELEASING = YES;
				CLANG_WARN_BOOL_CONVERSION = YES;
				CLANG_WARN_COMMA = YES;
				CLANG_WARN_CONSTANT_CONVERSION = YES;
				CLANG_WARN_DEPRECATED_OBJC_IMPLEMENTATIONS = YES;
				CLANG_WARN_DIRECT_OBJC_ISA_USAGE = YES_ERROR;
				CLANG_WARN_DOCUMENTATION_COMMENTS = YES;
				CLANG_WARN_EMPTY_BODY = YES;
				CLANG_WARN_ENUM_CONVERSION = YES;
				CLANG_WARN_INFINITE_RECURSION = YES;
				CLANG_WARN_INT_CONVERSION = YES;
				CLANG_WARN_NON_LITERAL_NULL_CONVERSION = YES;
				CLANG_WARN_OBJC_IMPLICIT_RETAIN_SELF = YES;
				CLANG_WARN_OBJC_LITERAL_CONVERSION = YES;
				CLANG_WARN_OBJC_ROOT_CLASS = YES_ERROR;
				CLANG_WARN_QUOTED_INCLUDE_IN_FRAMEWORK_HEADER = YES;
				CLANG_WARN_RANGE_LOOP_ANALYSIS = YES;
				CLANG_WARN_STRICT_PROTOTYPES = YES;
				CLANG_WARN_SUSPICIOUS_MOVE = YES;
				CLANG_WARN_UNGUARDED_AVAILABILITY = YES_AGGRESSIVE;
				CLANG_WARN_UNREACHABLE_CODE = YES;
				CLANG_WARN__DUPLICATE_METHOD_MATCH = YES;
				COPY_PHASE_STRIP = NO;
				DEBUG_INFORMATION_FORMAT = dwarf;
				ENABLE_STRICT_OBJC_MSGSEND = YES;
				ENABLE_TESTABILITY = YES;
				GCC_C_LANGUAGE_STANDARD = gnu11;
				GCC_DYNAMIC_NO_PIC = NO;
				GCC_NO_COMMON_BLOCKS = YES;
				GCC_OPTIMIZATION_LEVEL = 0;
				GCC_PREPROCESSOR_DEFINITIONS = (
					"DEBUG=1",
					"$(inherited)",
				);
				GCC_WARN_64_TO_32_BIT_CONVERSION = YES;
				GCC_WARN_ABOUT_RETURN_TYPE = YES_ERROR;
				GCC_WARN_UNDECLARED_SELECTOR = YES;
				GCC_WARN_UNINITIALIZED_AUTOS = YES_AGGRESSIVE;
				GCC_WARN_UNUSED_FUNCTION = YES;
				GCC_WARN_UNUSED_VARIABLE = YES;
				IPHONEOS_DEPLOYMENT_TARGET = 16.2;
				MTL_ENABLE_DEBUG_INFO = INCLUDE_SOURCE;
				MTL_FAST_MATH = YES;
				ONLY_ACTIVE_ARCH = YES;
				SDKROOT = iphoneos;
				SWIFT_ACTIVE_COMPILATION_CONDITIONS = DEBUG;
				SWIFT_OPTIMIZATION_LEVEL = "-Onone";
			};
			name = Debug;
		};
		08ED26EB29BB08EB00EF047D /* Release */ = {
			isa = XCBuildConfiguration;
			buildSettings = {
				ALWAYS_SEARCH_USER_PATHS = NO;
				CLANG_ANALYZER_NONNULL = YES;
				CLANG_ANALYZER_NUMBER_OBJECT_CONVERSION = YES_AGGRESSIVE;
				CLANG_CXX_LANGUAGE_STANDARD = "gnu++20";
				CLANG_ENABLE_MODULES = YES;
				CLANG_ENABLE_OBJC_ARC = YES;
				CLANG_ENABLE_OBJC_WEAK = YES;
				CLANG_WARN_BLOCK_CAPTURE_AUTORELEASING = YES;
				CLANG_WARN_BOOL_CONVERSION = YES;
				CLANG_WARN_COMMA = YES;
				CLANG_WARN_CONSTANT_CONVERSION = YES;
				CLANG_WARN_DEPRECATED_OBJC_IMPLEMENTATIONS = YES;
				CLANG_WARN_DIRECT_OBJC_ISA_USAGE = YES_ERROR;
				CLANG_WARN_DOCUMENTATION_COMMENTS = YES;
				CLANG_WARN_EMPTY_BODY = YES;
				CLANG_WARN_ENUM_CONVERSION = YES;
				CLANG_WARN_INFINITE_RECURSION = YES;
				CLANG_WARN_INT_CONVERSION = YES;
				CLANG_WARN_NON_LITERAL_NULL_CONVERSION = YES;
				CLANG_WARN_OBJC_IMPLICIT_RETAIN_SELF = YES;
				CLANG_WARN_OBJC_LITERAL_CONVERSION = YES;
				CLANG_WARN_OBJC_ROOT_CLASS = YES_ERROR;
				CLANG_WARN_QUOTED_INCLUDE_IN_FRAMEWORK_HEADER = YES;
				CLANG_WARN_RANGE_LOOP_ANALYSIS = YES;
				CLANG_WARN_STRICT_PROTOTYPES = YES;
				CLANG_WARN_SUSPICIOUS_MOVE = YES;
				CLANG_WARN_UNGUARDED_AVAILABILITY = YES_AGGRESSIVE;
				CLANG_WARN_UNREACHABLE_CODE = YES;
				CLANG_WARN__DUPLICATE_METHOD_MATCH = YES;
				COPY_PHASE_STRIP = NO;
				DEBUG_INFORMATION_FORMAT = "dwarf-with-dsym";
				ENABLE_NS_ASSERTIONS = NO;
				ENABLE_STRICT_OBJC_MSGSEND = YES;
				GCC_C_LANGUAGE_STANDARD = gnu11;
				GCC_NO_COMMON_BLOCKS = YES;
				GCC_WARN_64_TO_32_BIT_CONVERSION = YES;
				GCC_WARN_ABOUT_RETURN_TYPE = YES_ERROR;
				GCC_WARN_UNDECLARED_SELECTOR = YES;
				GCC_WARN_UNINITIALIZED_AUTOS = YES_AGGRESSIVE;
				GCC_WARN_UNUSED_FUNCTION = YES;
				GCC_WARN_UNUSED_VARIABLE = YES;
				IPHONEOS_DEPLOYMENT_TARGET = 16.2;
				MTL_ENABLE_DEBUG_INFO = NO;
				MTL_FAST_MATH = YES;
				SDKROOT = iphoneos;
				SWIFT_COMPILATION_MODE = wholemodule;
				SWIFT_OPTIMIZATION_LEVEL = "-O";
				VALIDATE_PRODUCT = YES;
			};
			name = Release;
		};
		08ED26ED29BB08EB00EF047D /* Debug */ = {
			isa = XCBuildConfiguration;
			buildSettings = {
				ASSETCATALOG_COMPILER_APPICON_NAME = AppIcon;
				ASSETCATALOG_COMPILER_GLOBAL_ACCENT_COLOR_NAME = AccentColor;
				CODE_SIGN_STYLE = Automatic;
				CURRENT_PROJECT_VERSION = 1;
				DEVELOPMENT_ASSET_PATHS = "\"OnlineShoppee/Preview Content\"";
				DEVELOPMENT_TEAM = C5XCRHH65R;
				ENABLE_PREVIEWS = YES;
				GENERATE_INFOPLIST_FILE = YES;
				INFOPLIST_FILE = OnlineShoppee/Application/Info.plist;
				INFOPLIST_KEY_UIApplicationSceneManifest_Generation = YES;
				INFOPLIST_KEY_UIApplicationSupportsIndirectInputEvents = YES;
				INFOPLIST_KEY_UILaunchScreen_Generation = YES;
				INFOPLIST_KEY_UISupportedInterfaceOrientations_iPad = "UIInterfaceOrientationPortrait UIInterfaceOrientationPortraitUpsideDown UIInterfaceOrientationLandscapeLeft UIInterfaceOrientationLandscapeRight";
				INFOPLIST_KEY_UISupportedInterfaceOrientations_iPhone = "UIInterfaceOrientationPortrait UIInterfaceOrientationLandscapeLeft UIInterfaceOrientationLandscapeRight";
				LD_RUNPATH_SEARCH_PATHS = (
					"$(inherited)",
					"@executable_path/Frameworks",
				);
				MARKETING_VERSION = 1.0;
				PRODUCT_BUNDLE_IDENTIFIER = com.anita.OnlineShoppee;
				PRODUCT_NAME = "$(TARGET_NAME)";
				SWIFT_EMIT_LOC_STRINGS = YES;
				SWIFT_VERSION = 5.0;
				TARGETED_DEVICE_FAMILY = "1,2";
			};
			name = Debug;
		};
		08ED26EE29BB08EB00EF047D /* Release */ = {
			isa = XCBuildConfiguration;
			buildSettings = {
				ASSETCATALOG_COMPILER_APPICON_NAME = AppIcon;
				ASSETCATALOG_COMPILER_GLOBAL_ACCENT_COLOR_NAME = AccentColor;
				CODE_SIGN_STYLE = Automatic;
				CURRENT_PROJECT_VERSION = 1;
				DEVELOPMENT_ASSET_PATHS = "\"OnlineShoppee/Preview Content\"";
				DEVELOPMENT_TEAM = C5XCRHH65R;
				ENABLE_PREVIEWS = YES;
				GENERATE_INFOPLIST_FILE = YES;
				INFOPLIST_FILE = OnlineShoppee/Application/Info.plist;
				INFOPLIST_KEY_UIApplicationSceneManifest_Generation = YES;
				INFOPLIST_KEY_UIApplicationSupportsIndirectInputEvents = YES;
				INFOPLIST_KEY_UILaunchScreen_Generation = YES;
				INFOPLIST_KEY_UISupportedInterfaceOrientations_iPad = "UIInterfaceOrientationPortrait UIInterfaceOrientationPortraitUpsideDown UIInterfaceOrientationLandscapeLeft UIInterfaceOrientationLandscapeRight";
				INFOPLIST_KEY_UISupportedInterfaceOrientations_iPhone = "UIInterfaceOrientationPortrait UIInterfaceOrientationLandscapeLeft UIInterfaceOrientationLandscapeRight";
				LD_RUNPATH_SEARCH_PATHS = (
					"$(inherited)",
					"@executable_path/Frameworks",
				);
				MARKETING_VERSION = 1.0;
				PRODUCT_BUNDLE_IDENTIFIER = com.anita.OnlineShoppee;
				PRODUCT_NAME = "$(TARGET_NAME)";
				SWIFT_EMIT_LOC_STRINGS = YES;
				SWIFT_VERSION = 5.0;
				TARGETED_DEVICE_FAMILY = "1,2";
			};
			name = Release;
		};
/* End XCBuildConfiguration section */

/* Begin XCConfigurationList section */
		08ED26D929BB08E900EF047D /* Build configuration list for PBXProject "OnlineShoppee" */ = {
			isa = XCConfigurationList;
			buildConfigurations = (
				08ED26EA29BB08EB00EF047D /* Debug */,
				08ED26EB29BB08EB00EF047D /* Release */,
			);
			defaultConfigurationIsVisible = 0;
			defaultConfigurationName = Release;
		};
		08ED26EC29BB08EB00EF047D /* Build configuration list for PBXNativeTarget "OnlineShoppee" */ = {
			isa = XCConfigurationList;
			buildConfigurations = (
				08ED26ED29BB08EB00EF047D /* Debug */,
				08ED26EE29BB08EB00EF047D /* Release */,
			);
			defaultConfigurationIsVisible = 0;
			defaultConfigurationName = Release;
		};
/* End XCConfigurationList section */

/* Begin XCVersionGroup section */
		08BE799029BC916D00A81FC8 /* UserModel.xcdatamodeld */ = {
			isa = XCVersionGroup;
			children = (
				08BE799129BC916D00A81FC8 /* UserModel.xcdatamodel */,
			);
			currentVersion = 08BE799129BC916D00A81FC8 /* UserModel.xcdatamodel */;
			path = UserModel.xcdatamodeld;
			sourceTree = "<group>";
			versionGroupType = wrapper.xcdatamodel;
		};
/* End XCVersionGroup section */
	};
	rootObject = 08ED26D629BB08E900EF047D /* Project object */;
}
